<?xml version="1.0" encoding="utf-8"?>
<Project ToolsVersion="4.0" xmlns="http://schemas.microsoft.com/developer/msbuild/2003">
  <ItemGroup>
    <Filter Include="Source Files">
      <UniqueIdentifier>{4FC737F1-C7A5-4376-A066-2A32D752A2FF}</UniqueIdentifier>
      <Extensions>cpp;c;cc;cxx;def;odl;idl;hpj;bat;asm;asmx</Extensions>
    </Filter>
    <Filter Include="Header Files">
      <UniqueIdentifier>{93995380-89BD-4b04-88EB-625FBE52EBFB}</UniqueIdentifier>
      <Extensions>h;hh;hpp;hxx;hm;inl;inc;xsd</Extensions>
    </Filter>
    <Filter Include="Header Files\Utils">
      <UniqueIdentifier>{1abb87ff-22f0-4ef0-8084-16abd703b265}</UniqueIdentifier>
    </Filter>
    <Filter Include="Source Files\Utils">
      <UniqueIdentifier>{9bfddb78-6232-4900-8146-5e97dc259361}</UniqueIdentifier>
    </Filter>
    <Filter Include="Header Files\Compilation">
      <UniqueIdentifier>{06a05c02-9df8-431f-93d0-91e644edae5f}</UniqueIdentifier>
    </Filter>
    <Filter Include="Source Files\Compilation">
      <UniqueIdentifier>{a5558c29-a3f3-4417-b64c-64a413290d76}</UniqueIdentifier>
    </Filter>
    <Filter Include="Source Files\Compilation\LexicalAnalysis">
      <UniqueIdentifier>{d333ec82-42e1-448e-900b-f54c8b42fbbd}</UniqueIdentifier>
    </Filter>
    <Filter Include="Header Files\Compilation\LexicalAnalysis">
      <UniqueIdentifier>{61b0298b-b694-4ad8-b575-f64a74853537}</UniqueIdentifier>
    </Filter>
    <Filter Include="Source Files\Compilation\SemanticAnalysis">
      <UniqueIdentifier>{ca139f34-4214-40b3-b773-c712ea042048}</UniqueIdentifier>
    </Filter>
    <Filter Include="Source Files\Compilation\SemanticAnalysis\Parsers">
      <UniqueIdentifier>{af34232c-68f8-4b45-8e3c-28d839d9992b}</UniqueIdentifier>
    </Filter>
    <Filter Include="Header Files\Compilation\SemanticAnalysis">
      <UniqueIdentifier>{d1c41d98-d9cf-4665-82b7-7845b3a8ce25}</UniqueIdentifier>
    </Filter>
    <Filter Include="Header Files\Compilation\SemanticAnalysis\Parsers">
      <UniqueIdentifier>{8ffdc205-8e4a-4cc7-9dc0-513220057761}</UniqueIdentifier>
    </Filter>
    <Filter Include="Assembler">
      <UniqueIdentifier>{05e63ca2-9320-4903-a5f3-c6cc8aeaad72}</UniqueIdentifier>
    </Filter>
    <Filter Include="Header Files\Compilation\CodeGeneration">
      <UniqueIdentifier>{0c335a60-431e-4415-9b90-edfd2ce989da}</UniqueIdentifier>
    </Filter>
    <Filter Include="Source Files\Compilation\CodeGeneration">
      <UniqueIdentifier>{0d0d5c3b-cc30-426d-abb5-2fd4be385d7e}</UniqueIdentifier>
    </Filter>
    <Filter Include="Header Files\Compilation\CodeGeneration\Generators">
      <UniqueIdentifier>{b02e417e-b017-4c60-b717-53c7188a783c}</UniqueIdentifier>
    </Filter>
    <Filter Include="Source Files\Compilation\CodeGeneration\Generators">
      <UniqueIdentifier>{72de325a-d6d7-4fd6-9fb4-8cc29d7ac459}</UniqueIdentifier>
    </Filter>
  </ItemGroup>
  <ItemGroup>
    <ClCompile Include="main.c">
      <Filter>Source Files</Filter>
    </ClCompile>
    <ClCompile Include="vector.c">
      <Filter>Source Files\Utils</Filter>
    </ClCompile>
    <ClCompile Include="string.c">
      <Filter>Source Files\Utils</Filter>
    </ClCompile>
    <ClCompile Include="parser-linenumber.c">
      <Filter>Source Files\Compilation\SemanticAnalysis\Parsers</Filter>
    </ClCompile>
    <ClCompile Include="parser-keyword.c">
      <Filter>Source Files\Compilation\SemanticAnalysis\Parsers</Filter>
    </ClCompile>
    <ClCompile Include="parser-cls.c">
      <Filter>Source Files\Compilation\SemanticAnalysis\Parsers</Filter>
    </ClCompile>
    <ClCompile Include="parser-rem.c">
      <Filter>Source Files\Compilation\SemanticAnalysis\Parsers</Filter>
    </ClCompile>
    <ClCompile Include="parser-print.c">
      <Filter>Source Files\Compilation\SemanticAnalysis\Parsers</Filter>
    </ClCompile>
    <ClCompile Include="lexical-analysis.c">
      <Filter>Source Files\Compilation\LexicalAnalysis</Filter>
    </ClCompile>
    <ClCompile Include="ast-node.c">
      <Filter>Source Files\Compilation\SemanticAnalysis</Filter>
    </ClCompile>
    <ClCompile Include="ast-builder.c">
      <Filter>Source Files\Compilation\SemanticAnalysis</Filter>
    </ClCompile>
    <ClCompile Include="symbol-table.c">
      <Filter>Source Files\Compilation\SemanticAnalysis</Filter>
    </ClCompile>
    <ClCompile Include="symbol-node.c">
      <Filter>Source Files\Compilation\SemanticAnalysis</Filter>
    </ClCompile>
    <ClCompile Include="file-manager.c">
      <Filter>Source Files\Utils</Filter>
    </ClCompile>
    <ClCompile Include="code-builder.c">
      <Filter>Source Files\Compilation\CodeGeneration</Filter>
    </ClCompile>
    <ClCompile Include="generator-linenumber.c">
      <Filter>Source Files\Compilation\CodeGeneration\Generators</Filter>
    </ClCompile>
    <ClCompile Include="generator-rem.c">
      <Filter>Source Files\Compilation\CodeGeneration\Generators</Filter>
    </ClCompile>
    <ClCompile Include="generator-print.c">
      <Filter>Source Files\Compilation\CodeGeneration\Generators</Filter>
    </ClCompile>
    <ClCompile Include="generator-cls.c">
      <Filter>Source Files\Compilation\CodeGeneration\Generators</Filter>
    </ClCompile>
    <ClCompile Include="parser-string.c">
      <Filter>Source Files\Compilation\SemanticAnalysis\Parsers</Filter>
    </ClCompile>
    <ClCompile Include="parser-expression.c">
      <Filter>Source Files\Compilation\SemanticAnalysis\Parsers</Filter>
    </ClCompile>
    <ClCompile Include="generator-expression.c">
      <Filter>Source Files\Compilation\CodeGeneration\Generators</Filter>
    </ClCompile>
    <ClCompile Include="parser-let.c">
      <Filter>Source Files\Compilation\SemanticAnalysis\Parsers</Filter>
    </ClCompile>
    <ClCompile Include="generator-let.c">
      <Filter>Source Files\Compilation\CodeGeneration\Generators</Filter>
    </ClCompile>
    <ClCompile Include="lexical-token.c">
      <Filter>Source Files\Compilation\LexicalAnalysis</Filter>
    </ClCompile>
    <ClCompile Include="parser-end.c">
      <Filter>Source Files\Compilation\SemanticAnalysis\Parsers</Filter>
    </ClCompile>
    <ClCompile Include="generator-end.c">
      <Filter>Source Files\Compilation\CodeGeneration\Generators</Filter>
    </ClCompile>
    <ClCompile Include="parser-block.c">
      <Filter>Source Files\Compilation\SemanticAnalysis\Parsers</Filter>
    </ClCompile>
    <ClCompile Include="parser-if.c">
      <Filter>Source Files\Compilation\SemanticAnalysis\Parsers</Filter>
    </ClCompile>
    <ClCompile Include="generator-block.c">
      <Filter>Source Files\Compilation\CodeGeneration\Generators</Filter>
    </ClCompile>
    <ClCompile Include="generator-if.c">
      <Filter>Source Files\Compilation\CodeGeneration\Generators</Filter>
    </ClCompile>
    <ClCompile Include="parser-goto.c">
      <Filter>Source Files\Compilation\SemanticAnalysis\Parsers</Filter>
    </ClCompile>
    <ClCompile Include="generator-goto.c">
      <Filter>Source Files\Compilation\CodeGeneration\Generators</Filter>
    </ClCompile>
    <ClCompile Include="parser-while.c">
      <Filter>Source Files\Compilation\SemanticAnalysis\Parsers</Filter>
    </ClCompile>
    <ClCompile Include="generator-while.c">
      <Filter>Source Files\Compilation\CodeGeneration\Generators</Filter>
    </ClCompile>
  </ItemGroup>
  <ItemGroup>
    <ClInclude Include="vector.h">
      <Filter>Header Files\Utils</Filter>
    </ClInclude>
    <ClInclude Include="string.h">
      <Filter>Header Files\Utils</Filter>
    </ClInclude>
    <ClInclude Include="parser-linenumber.h">
      <Filter>Header Files\Compilation\SemanticAnalysis\Parsers</Filter>
    </ClInclude>
    <ClInclude Include="parser-keyword.h">
      <Filter>Header Files\Compilation\SemanticAnalysis\Parsers</Filter>
    </ClInclude>
    <ClInclude Include="parser-cls.h">
      <Filter>Header Files\Compilation\SemanticAnalysis\Parsers</Filter>
    </ClInclude>
    <ClInclude Include="parser-rem.h">
      <Filter>Header Files\Compilation\SemanticAnalysis\Parsers</Filter>
    </ClInclude>
    <ClInclude Include="parser-print.h">
      <Filter>Header Files\Compilation\SemanticAnalysis\Parsers</Filter>
    </ClInclude>
    <ClInclude Include="lexical-analysis.h">
      <Filter>Header Files\Compilation\LexicalAnalysis</Filter>
    </ClInclude>
    <ClInclude Include="ast-builder.h">
      <Filter>Header Files\Compilation\SemanticAnalysis</Filter>
    </ClInclude>
    <ClInclude Include="symbol-table.h">
      <Filter>Header Files\Compilation\SemanticAnalysis</Filter>
    </ClInclude>
    <ClInclude Include="ast-node.h">
      <Filter>Header Files\Compilation\SemanticAnalysis</Filter>
    </ClInclude>
    <ClInclude Include="symbol-node.h">
      <Filter>Header Files\Compilation\SemanticAnalysis</Filter>
    </ClInclude>
    <ClInclude Include="file-manager.h">
      <Filter>Header Files\Utils</Filter>
    </ClInclude>
    <ClInclude Include="code-builder.h">
      <Filter>Header Files\Compilation\CodeGeneration</Filter>
    </ClInclude>
    <ClInclude Include="generator-linenumber.h">
      <Filter>Header Files\Compilation\CodeGeneration\Generators</Filter>
    </ClInclude>
    <ClInclude Include="generator-rem.h">
      <Filter>Header Files\Compilation\CodeGeneration\Generators</Filter>
    </ClInclude>
    <ClInclude Include="generator-print.h">
      <Filter>Header Files\Compilation\CodeGeneration\Generators</Filter>
    </ClInclude>
    <ClInclude Include="generator-cls.h">
      <Filter>Header Files\Compilation\CodeGeneration\Generators</Filter>
    </ClInclude>
    <ClInclude Include="parser-string.h">
      <Filter>Header Files\Compilation\SemanticAnalysis\Parsers</Filter>
    </ClInclude>
    <ClInclude Include="parser-expression.h">
      <Filter>Header Files\Compilation\SemanticAnalysis\Parsers</Filter>
    </ClInclude>
    <ClInclude Include="generator-expression.h">
      <Filter>Header Files\Compilation\CodeGeneration\Generators</Filter>
    </ClInclude>
    <ClInclude Include="parser-let.h">
      <Filter>Header Files\Compilation\SemanticAnalysis\Parsers</Filter>
    </ClInclude>
    <ClInclude Include="generator-let.h">
      <Filter>Header Files\Compilation\CodeGeneration\Generators</Filter>
    </ClInclude>
    <ClInclude Include="lexical-token.h">
      <Filter>Header Files\Compilation\LexicalAnalysis</Filter>
    </ClInclude>
    <ClInclude Include="parser-end.h">
      <Filter>Header Files\Compilation\SemanticAnalysis\Parsers</Filter>
    </ClInclude>
    <ClInclude Include="generator-end.h">
      <Filter>Header Files\Compilation\CodeGeneration\Generators</Filter>
    </ClInclude>
    <ClInclude Include="parser-block.h">
      <Filter>Header Files\Compilation\SemanticAnalysis\Parsers</Filter>
    </ClInclude>
    <ClInclude Include="parser-if.h">
      <Filter>Header Files\Compilation\SemanticAnalysis\Parsers</Filter>
    </ClInclude>
    <ClInclude Include="generator-block.h">
      <Filter>Header Files\Compilation\CodeGeneration\Generators</Filter>
    </ClInclude>
    <ClInclude Include="generator-if.h">
      <Filter>Header Files\Compilation\CodeGeneration\Generators</Filter>
    </ClInclude>
    <ClInclude Include="parser-goto.h">
      <Filter>Header Files\Compilation\SemanticAnalysis\Parsers</Filter>
    </ClInclude>
    <ClInclude Include="generator-goto.h">
      <Filter>Header Files\Compilation\CodeGeneration\Generators</Filter>
    </ClInclude>
    <ClInclude Include="parser-while.h">
      <Filter>Header Files\Compilation\SemanticAnalysis\Parsers</Filter>
    </ClInclude>
    <ClInclude Include="generator-while.h">
      <Filter>Header Files\Compilation\CodeGeneration\Generators</Filter>
    </ClInclude>
  </ItemGroup>
  <ItemGroup>
    <None Include="Assembler\io.asm">
      <Filter>Assembler</Filter>
    </None>
  </ItemGroup>
</Project>