<?xml version="1.0" encoding="utf-8"?>
<Project ToolsVersion="4.0" xmlns="http://schemas.microsoft.com/developer/msbuild/2003">
  <ItemGroup>
    <Filter Include="Source Files">
      <UniqueIdentifier>{4FC737F1-C7A5-4376-A066-2A32D752A2FF}</UniqueIdentifier>
      <Extensions>cpp;c;cc;cxx;def;odl;idl;hpj;bat;asm;asmx</Extensions>
    </Filter>
    <Filter Include="Header Files">
      <UniqueIdentifier>{93995380-89BD-4b04-88EB-625FBE52EBFB}</UniqueIdentifier>
      <Extensions>h;hh;hpp;hxx;hm;inl;inc;xsd</Extensions>
    </Filter>
    <Filter Include="Header Files\Utils">
      <UniqueIdentifier>{1abb87ff-22f0-4ef0-8084-16abd703b265}</UniqueIdentifier>
    </Filter>
    <Filter Include="Source Files\Utils">
      <UniqueIdentifier>{9bfddb78-6232-4900-8146-5e97dc259361}</UniqueIdentifier>
    </Filter>
    <Filter Include="Header Files\Compilation">
      <UniqueIdentifier>{06a05c02-9df8-431f-93d0-91e644edae5f}</UniqueIdentifier>
    </Filter>
    <Filter Include="Source Files\Compilation">
      <UniqueIdentifier>{a5558c29-a3f3-4417-b64c-64a413290d76}</UniqueIdentifier>
    </Filter>
    <Filter Include="Source Files\Compilation\Parsers">
      <UniqueIdentifier>{af34232c-68f8-4b45-8e3c-28d839d9992b}</UniqueIdentifier>
    </Filter>
    <Filter Include="Header Files\Compilation\Parsers">
      <UniqueIdentifier>{8ffdc205-8e4a-4cc7-9dc0-513220057761}</UniqueIdentifier>
    </Filter>
  </ItemGroup>
  <ItemGroup>
    <ClCompile Include="main.c">
      <Filter>Source Files</Filter>
    </ClCompile>
    <ClCompile Include="vector.c">
      <Filter>Source Files\Utils</Filter>
    </ClCompile>
    <ClCompile Include="lexical-analysis.c">
      <Filter>Source Files\Compilation</Filter>
    </ClCompile>
    <ClCompile Include="string.c">
      <Filter>Source Files\Utils</Filter>
    </ClCompile>
    <ClCompile Include="file-loader.c">
      <Filter>Source Files\Compilation</Filter>
    </ClCompile>
    <ClCompile Include="ast-builder.c">
      <Filter>Source Files\Compilation</Filter>
    </ClCompile>
    <ClCompile Include="parser-linenumber.c">
      <Filter>Source Files\Compilation\Parsers</Filter>
    </ClCompile>
    <ClCompile Include="parser-keyword.c">
      <Filter>Source Files\Compilation\Parsers</Filter>
    </ClCompile>
    <ClCompile Include="ast-node.c">
      <Filter>Source Files\Compilation</Filter>
    </ClCompile>
    <ClCompile Include="parser-cls.c">
      <Filter>Source Files\Compilation\Parsers</Filter>
    </ClCompile>
  </ItemGroup>
  <ItemGroup>
    <ClInclude Include="vector.h">
      <Filter>Header Files\Utils</Filter>
    </ClInclude>
    <ClInclude Include="lexical-analysis.h">
      <Filter>Header Files\Compilation</Filter>
    </ClInclude>
    <ClInclude Include="string.h">
      <Filter>Header Files\Utils</Filter>
    </ClInclude>
    <ClInclude Include="file-loader.h">
      <Filter>Header Files\Compilation</Filter>
    </ClInclude>
    <ClInclude Include="ast-builder.h">
      <Filter>Header Files\Compilation</Filter>
    </ClInclude>
    <ClInclude Include="parser-linenumber.h">
      <Filter>Header Files\Compilation\Parsers</Filter>
    </ClInclude>
    <ClInclude Include="parser-keyword.h">
      <Filter>Header Files\Compilation\Parsers</Filter>
    </ClInclude>
    <ClInclude Include="ast-node.h">
      <Filter>Header Files\Compilation</Filter>
    </ClInclude>
    <ClInclude Include="parser-cls.h">
      <Filter>Header Files\Compilation\Parsers</Filter>
    </ClInclude>
  </ItemGroup>
</Project>